<?xml version="1.0" encoding="UTF-8" standalone="yes" ?>
<CodeBlocks_project_file>
	<FileVersion major="1" minor="6" />
	<Project>
		<Option title="resultsAnalyzer" />
		<Option pch_mode="2" />
		<Option compiler="gcc" />
		<Build>
			<Target title="Debug">
				<Option output="bin/Debug/resultsAnalyzer" prefix_auto="1" extension_auto="1" />
				<Option object_output="obj/Debug/" />
				<Option type="1" />
				<Option compiler="gcc" />
				<Compiler>
					<Add option="-g" />
				</Compiler>
			</Target>
			<Target title="Release">
				<Option output="bin/Release/resultsAnalyzer" prefix_auto="1" extension_auto="1" />
				<Option object_output="obj/Release/" />
				<Option type="1" />
				<Option compiler="gcc" />
				<Compiler>
					<Add option="-O2" />
				</Compiler>
				<Linker>
					<Add option="-s" />
				</Linker>
			</Target>
			<Target title="Debug_ASan">
				<Option output="bin/Debug/resultsAnalyzer" prefix_auto="1" extension_auto="1" />
				<Option object_output="obj/Debug/" />
				<Option type="1" />
				<Option compiler="gcc" />
				<Compiler>
					<Add option="-g" />
					<Add option="-fsanitize=address" />
					<Add option="-fopenmp" />
				</Compiler>
				<Linker>
					<Add option="-lasan" />
					<Add option="-fsanitize=address" />
					<Add option="-fopenmp" />
				</Linker>
			</Target>
		</Build>
		<Compiler>
			<Add option="-Wall" />
		</Compiler>
		<Unit filename="analysis.c">
			<Option compilerVar="CC" />
		</Unit>
		<Unit filename="analysis.h" />
		<Unit filename="best_solutions.c">
			<Option compilerVar="CC" />
		</Unit>
		<Unit filename="best_solutions.h" />
		<Unit filename="dados.c">
			<Option compilerVar="CC" />
		</Unit>
		<Unit filename="dados.h" />
		<Unit filename="index.c">
			<Option compilerVar="CC" />
		</Unit>
		<Unit filename="index.h" />
		<Unit filename="main.c">
			<Option compilerVar="CC" />
		</Unit>
		<Unit filename="parameters.c">
			<Option compilerVar="CC" />
		</Unit>
		<Unit filename="parameters.h" />
		<Unit filename="quality_by_instance.c">
			<Option compilerVar="CC" />
		</Unit>
		<Unit filename="quality_by_instance.h" />
		<Unit filename="quality_by_instance_all.c">
			<Option compilerVar="CC" />
		</Unit>
		<Unit filename="quality_by_instance_all.h" />
		<Unit filename="results.c">
			<Option compilerVar="CC" />
		</Unit>
		<Unit filename="results.h" />
		<Unit filename="results_details.c">
			<Option compilerVar="CC" />
		</Unit>
		<Unit filename="results_details.h" />
		<Unit filename="util.c">
			<Option compilerVar="CC" />
		</Unit>
		<Unit filename="util.h" />
		<Extensions>
			<envvars />
			<code_completion />
			<lib_finder disable_auto="1" />
			<debugger />
		</Extensions>
	</Project>
</CodeBlocks_project_file>
